
Microsoft Visual Studio Solution File, Format Version 12.00
# Visual Studio Version 17
VisualStudioVersion = 17.13.35931.197 d17.13
MinimumVisualStudioVersion = 10.0.40219.1
Project("{FAE04EC0-301F-11D3-BF4B-00C04F79EFBC}") = "ChatStudentsShashin", "ChatStudentsShashin.csproj", "{8FDFC90D-84A2-41D1-AD8A-211B009CBAF9}"
EndProject
Global
	GlobalSection(SolutionConfigurationPlatforms) = preSolution
		Debug|Any CPU = Debug|Any CPU
		Release|Any CPU = Release|Any CPU
	EndGlobalSection
	GlobalSection(ProjectConfigurationPlatforms) = postSolution
		{8FDFC90D-84A2-41D1-AD8A-211B009CBAF9}.Debug|Any CPU.ActiveCfg = Debug|Any CPU
		{8FDFC90D-84A2-41D1-AD8A-211B009CBAF9}.Debug|Any CPU.Build.0 = Debug|Any CPU
		{8FDFC90D-84A2-41D1-AD8A-211B009CBAF9}.Release|Any CPU.ActiveCfg = Release|Any CPU
		{8FDFC90D-84A2-41D1-AD8A-211B009CBAF9}.Release|Any CPU.Build.0 = Release|Any CPU
	EndGlobalSection
	GlobalSection(SolutionProperties) = preSolution
		HideSolutionNode = FALSE
	EndGlobalSection
	GlobalSection(ExtensibilityGlobals) = postSolution
		SolutionGuid = {1C7CA327-8144-403E-B2E9-7F97A57FCB82}
	EndGlobalSection
EndGlobal
